// !$*UTF8*$!
{
	archiveVersion = 1;
	classes = {
	};
	objectVersion = 55;
	objects = {

/* Begin PBXBuildFile section */
		2C6E10443B57E184F5485A66 /* Pods_FlixTests.framework in Frameworks */ = {isa = PBXBuildFile; fileRef = 29E34F50911835C2F26C7677 /* Pods_FlixTests.framework */; };
		8CE60095CBCB1EAC63703077 /* Pods_Flix_FlixUITests.framework in Frameworks */ = {isa = PBXBuildFile; fileRef = C3B8C1A9A742F403DC39C902 /* Pods_Flix_FlixUITests.framework */; };
		A6BEBDC5693F24488B28BBFE /* Pods_Flix.framework in Frameworks */ = {isa = PBXBuildFile; fileRef = B32DB77DE121D248D746073E /* Pods_Flix.framework */; };
		EB2DC7B228CD3FF9003D1008 /* MovieDetailsViewController.swift in Sources */ = {isa = PBXBuildFile; fileRef = EB2DC7B128CD3FF9003D1008 /* MovieDetailsViewController.swift */; };
		EBABCAB728C0EE6500E873C5 /* AppDelegate.swift in Sources */ = {isa = PBXBuildFile; fileRef = EBABCAB628C0EE6500E873C5 /* AppDelegate.swift */; };
		EBABCAB928C0EE6500E873C5 /* SceneDelegate.swift in Sources */ = {isa = PBXBuildFile; fileRef = EBABCAB828C0EE6500E873C5 /* SceneDelegate.swift */; };
		EBABCABB28C0EE6500E873C5 /* MoviesViewController.swift in Sources */ = {isa = PBXBuildFile; fileRef = EBABCABA28C0EE6500E873C5 /* MoviesViewController.swift */; };
		EBABCABE28C0EE6500E873C5 /* Main.storyboard in Resources */ = {isa = PBXBuildFile; fileRef = EBABCABC28C0EE6500E873C5 /* Main.storyboard */; };
		EBABCAC028C0EE6900E873C5 /* Assets.xcassets in Resources */ = {isa = PBXBuildFile; fileRef = EBABCABF28C0EE6900E873C5 /* Assets.xcassets */; };
		EBABCAC328C0EE6900E873C5 /* LaunchScreen.storyboard in Resources */ = {isa = PBXBuildFile; fileRef = EBABCAC128C0EE6900E873C5 /* LaunchScreen.storyboard */; };
		EBABCACE28C0EE6900E873C5 /* FlixTests.swift in Sources */ = {isa = PBXBuildFile; fileRef = EBABCACD28C0EE6900E873C5 /* FlixTests.swift */; };
		EBABCAD828C0EE6900E873C5 /* FlixUITests.swift in Sources */ = {isa = PBXBuildFile; fileRef = EBABCAD728C0EE6900E873C5 /* FlixUITests.swift */; };
		EBABCADA28C0EE6900E873C5 /* FlixUITestsLaunchTests.swift in Sources */ = {isa = PBXBuildFile; fileRef = EBABCAD928C0EE6900E873C5 /* FlixUITestsLaunchTests.swift */; };
		EBABCAE728C1261800E873C5 /* MovieCell.swift in Sources */ = {isa = PBXBuildFile; fileRef = EBABCAE628C1261800E873C5 /* MovieCell.swift */; };
		EBABCAEA28C130DE00E873C5 /* AlamofireImage in Frameworks */ = {isa = PBXBuildFile; productRef = EBABCAE928C130DE00E873C5 /* AlamofireImage */; };
		EBE9302F28D166B100BEDACC /* MovieGridViewController.swift in Sources */ = {isa = PBXBuildFile; fileRef = EBE9302E28D166B100BEDACC /* MovieGridViewController.swift */; };
		EBE9303128D16CE400BEDACC /* MovieGridCell.swift in Sources */ = {isa = PBXBuildFile; fileRef = EBE9303028D16CE400BEDACC /* MovieGridCell.swift */; };
/* End PBXBuildFile section */

/* Begin PBXContainerItemProxy section */
		EBABCACA28C0EE6900E873C5 /* PBXContainerItemProxy */ = {
			isa = PBXContainerItemProxy;
			containerPortal = EBABCAAB28C0EE6500E873C5 /* Project object */;
			proxyType = 1;
			remoteGlobalIDString = EBABCAB228C0EE6500E873C5;
			remoteInfo = Flix;
		};
		EBABCAD428C0EE6900E873C5 /* PBXContainerItemProxy */ = {
			isa = PBXContainerItemProxy;
			containerPortal = EBABCAAB28C0EE6500E873C5 /* Project object */;
			proxyType = 1;
			remoteGlobalIDString = EBABCAB228C0EE6500E873C5;
			remoteInfo = Flix;
		};
/* End PBXContainerItemProxy section */

/* Begin PBXFileReference section */
		18EE442A760186EAD6AD38AD /* Pods-Flix.release.xcconfig */ = {isa = PBXFileReference; includeInIndex = 1; lastKnownFileType = text.xcconfig; name = "Pods-Flix.release.xcconfig"; path = "Target Support Files/Pods-Flix/Pods-Flix.release.xcconfig"; sourceTree = "<group>"; };
		29E34F50911835C2F26C7677 /* Pods_FlixTests.framework */ = {isa = PBXFileReference; explicitFileType = wrapper.framework; includeInIndex = 0; path = Pods_FlixTests.framework; sourceTree = BUILT_PRODUCTS_DIR; };
		540DEE0410A6770D3F52D0D5 /* Pods-Flix.debug.xcconfig */ = {isa = PBXFileReference; includeInIndex = 1; lastKnownFileType = text.xcconfig; name = "Pods-Flix.debug.xcconfig"; path = "Target Support Files/Pods-Flix/Pods-Flix.debug.xcconfig"; sourceTree = "<group>"; };
		5B6AF97F5A29DAB14BF407A6 /* Pods-FlixTests.debug.xcconfig */ = {isa = PBXFileReference; includeInIndex = 1; lastKnownFileType = text.xcconfig; name = "Pods-FlixTests.debug.xcconfig"; path = "Target Support Files/Pods-FlixTests/Pods-FlixTests.debug.xcconfig"; sourceTree = "<group>"; };
		A8267053C95E1B176035F0C2 /* Pods-Flix-FlixUITests.debug.xcconfig */ = {isa = PBXFileReference; includeInIndex = 1; lastKnownFileType = text.xcconfig; name = "Pods-Flix-FlixUITests.debug.xcconfig"; path = "Target Support Files/Pods-Flix-FlixUITests/Pods-Flix-FlixUITests.debug.xcconfig"; sourceTree = "<group>"; };
		B32DB77DE121D248D746073E /* Pods_Flix.framework */ = {isa = PBXFileReference; explicitFileType = wrapper.framework; includeInIndex = 0; path = Pods_Flix.framework; sourceTree = BUILT_PRODUCTS_DIR; };
		C3B8C1A9A742F403DC39C902 /* Pods_Flix_FlixUITests.framework */ = {isa = PBXFileReference; explicitFileType = wrapper.framework; includeInIndex = 0; path = Pods_Flix_FlixUITests.framework; sourceTree = BUILT_PRODUCTS_DIR; };
		DF8B870F85107A587B6D0180 /* Pods-Flix-FlixUITests.release.xcconfig */ = {isa = PBXFileReference; includeInIndex = 1; lastKnownFileType = text.xcconfig; name = "Pods-Flix-FlixUITests.release.xcconfig"; path = "Target Support Files/Pods-Flix-FlixUITests/Pods-Flix-FlixUITests.release.xcconfig"; sourceTree = "<group>"; };
		EB2DC7B128CD3FF9003D1008 /* MovieDetailsViewController.swift */ = {isa = PBXFileReference; lastKnownFileType = sourcecode.swift; path = MovieDetailsViewController.swift; sourceTree = "<group>"; };
		EBABCAB328C0EE6500E873C5 /* Flix.app */ = {isa = PBXFileReference; explicitFileType = wrapper.application; includeInIndex = 0; path = Flix.app; sourceTree = BUILT_PRODUCTS_DIR; };
		EBABCAB628C0EE6500E873C5 /* AppDelegate.swift */ = {isa = PBXFileReference; lastKnownFileType = sourcecode.swift; path = AppDelegate.swift; sourceTree = "<group>"; };
		EBABCAB828C0EE6500E873C5 /* SceneDelegate.swift */ = {isa = PBXFileReference; lastKnownFileType = sourcecode.swift; path = SceneDelegate.swift; sourceTree = "<group>"; };
		EBABCABA28C0EE6500E873C5 /* MoviesViewController.swift */ = {isa = PBXFileReference; lastKnownFileType = sourcecode.swift; path = MoviesViewController.swift; sourceTree = "<group>"; };
		EBABCABD28C0EE6500E873C5 /* Base */ = {isa = PBXFileReference; lastKnownFileType = file.storyboard; name = Base; path = Base.lproj/Main.storyboard; sourceTree = "<group>"; };
		EBABCABF28C0EE6900E873C5 /* Assets.xcassets */ = {isa = PBXFileReference; lastKnownFileType = folder.assetcatalog; path = Assets.xcassets; sourceTree = "<group>"; };
		EBABCAC228C0EE6900E873C5 /* Base */ = {isa = PBXFileReference; lastKnownFileType = file.storyboard; name = Base; path = Base.lproj/LaunchScreen.storyboard; sourceTree = "<group>"; };
		EBABCAC428C0EE6900E873C5 /* Info.plist */ = {isa = PBXFileReference; lastKnownFileType = text.plist.xml; path = Info.plist; sourceTree = "<group>"; };
		EBABCAC928C0EE6900E873C5 /* FlixTests.xctest */ = {isa = PBXFileReference; explicitFileType = wrapper.cfbundle; includeInIndex = 0; path = FlixTests.xctest; sourceTree = BUILT_PRODUCTS_DIR; };
		EBABCACD28C0EE6900E873C5 /* FlixTests.swift */ = {isa = PBXFileReference; lastKnownFileType = sourcecode.swift; path = FlixTests.swift; sourceTree = "<group>"; };
		EBABCAD328C0EE6900E873C5 /* FlixUITests.xctest */ = {isa = PBXFileReference; explicitFileType = wrapper.cfbundle; includeInIndex = 0; path = FlixUITests.xctest; sourceTree = BUILT_PRODUCTS_DIR; };
		EBABCAD728C0EE6900E873C5 /* FlixUITests.swift */ = {isa = PBXFileReference; lastKnownFileType = sourcecode.swift; path = FlixUITests.swift; sourceTree = "<group>"; };
		EBABCAD928C0EE6900E873C5 /* FlixUITestsLaunchTests.swift */ = {isa = PBXFileReference; lastKnownFileType = sourcecode.swift; path = FlixUITestsLaunchTests.swift; sourceTree = "<group>"; };
		EBABCAE628C1261800E873C5 /* MovieCell.swift */ = {isa = PBXFileReference; lastKnownFileType = sourcecode.swift; path = MovieCell.swift; sourceTree = "<group>"; };
		EBE9302E28D166B100BEDACC /* MovieGridViewController.swift */ = {isa = PBXFileReference; lastKnownFileType = sourcecode.swift; path = MovieGridViewController.swift; sourceTree = "<group>"; };
		EBE9303028D16CE400BEDACC /* MovieGridCell.swift */ = {isa = PBXFileReference; lastKnownFileType = sourcecode.swift; path = MovieGridCell.swift; sourceTree = "<group>"; };
		ECD231C41AEA6B38A89D2DB6 /* Pods-FlixTests.release.xcconfig */ = {isa = PBXFileReference; includeInIndex = 1; lastKnownFileType = text.xcconfig; name = "Pods-FlixTests.release.xcconfig"; path = "Target Support Files/Pods-FlixTests/Pods-FlixTests.release.xcconfig"; sourceTree = "<group>"; };
/* End PBXFileReference section */

/* Begin PBXFrameworksBuildPhase section */
		EBABCAB028C0EE6500E873C5 /* Frameworks */ = {
			isa = PBXFrameworksBuildPhase;
			buildActionMask = 2147483647;
			files = (
				EBABCAEA28C130DE00E873C5 /* AlamofireImage in Frameworks */,
				A6BEBDC5693F24488B28BBFE /* Pods_Flix.framework in Frameworks */,
			);
			runOnlyForDeploymentPostprocessing = 0;
		};
		EBABCAC628C0EE6900E873C5 /* Frameworks */ = {
			isa = PBXFrameworksBuildPhase;
			buildActionMask = 2147483647;
			files = (
				2C6E10443B57E184F5485A66 /* Pods_FlixTests.framework in Frameworks */,
			);
			runOnlyForDeploymentPostprocessing = 0;
		};
		EBABCAD028C0EE6900E873C5 /* Frameworks */ = {
			isa = PBXFrameworksBuildPhase;
			buildActionMask = 2147483647;
			files = (
				8CE60095CBCB1EAC63703077 /* Pods_Flix_FlixUITests.framework in Frameworks */,
			);
			runOnlyForDeploymentPostprocessing = 0;
		};
/* End PBXFrameworksBuildPhase section */

/* Begin PBXGroup section */
		2629D8F8BFC3A7C8EC239F21 /* Frameworks */ = {
			isa = PBXGroup;
			children = (
				B32DB77DE121D248D746073E /* Pods_Flix.framework */,
				C3B8C1A9A742F403DC39C902 /* Pods_Flix_FlixUITests.framework */,
				29E34F50911835C2F26C7677 /* Pods_FlixTests.framework */,
			);
			name = Frameworks;
			sourceTree = "<group>";
		};
		E6C7E39282A29114004185FB /* Pods */ = {
			isa = PBXGroup;
			children = (
				540DEE0410A6770D3F52D0D5 /* Pods-Flix.debug.xcconfig */,
				18EE442A760186EAD6AD38AD /* Pods-Flix.release.xcconfig */,
				A8267053C95E1B176035F0C2 /* Pods-Flix-FlixUITests.debug.xcconfig */,
				DF8B870F85107A587B6D0180 /* Pods-Flix-FlixUITests.release.xcconfig */,
				5B6AF97F5A29DAB14BF407A6 /* Pods-FlixTests.debug.xcconfig */,
				ECD231C41AEA6B38A89D2DB6 /* Pods-FlixTests.release.xcconfig */,
			);
			path = Pods;
			sourceTree = "<group>";
		};
		EBABCAAA28C0EE6500E873C5 = {
			isa = PBXGroup;
			children = (
				EBABCAB528C0EE6500E873C5 /* Flix */,
				EBABCACC28C0EE6900E873C5 /* FlixTests */,
				EBABCAD628C0EE6900E873C5 /* FlixUITests */,
				EBABCAB428C0EE6500E873C5 /* Products */,
				E6C7E39282A29114004185FB /* Pods */,
				2629D8F8BFC3A7C8EC239F21 /* Frameworks */,
			);
			sourceTree = "<group>";
		};
		EBABCAB428C0EE6500E873C5 /* Products */ = {
			isa = PBXGroup;
			children = (
				EBABCAB328C0EE6500E873C5 /* Flix.app */,
				EBABCAC928C0EE6900E873C5 /* FlixTests.xctest */,
				EBABCAD328C0EE6900E873C5 /* FlixUITests.xctest */,
			);
			name = Products;
			sourceTree = "<group>";
		};
		EBABCAB528C0EE6500E873C5 /* Flix */ = {
			isa = PBXGroup;
			children = (
				EBABCAB628C0EE6500E873C5 /* AppDelegate.swift */,
				EBABCAB828C0EE6500E873C5 /* SceneDelegate.swift */,
				EBABCABC28C0EE6500E873C5 /* Main.storyboard */,
				EBABCABF28C0EE6900E873C5 /* Assets.xcassets */,
				EBABCAC128C0EE6900E873C5 /* LaunchScreen.storyboard */,
				EBABCABA28C0EE6500E873C5 /* MoviesViewController.swift */,
				EBABCAC428C0EE6900E873C5 /* Info.plist */,
				EBABCAE628C1261800E873C5 /* MovieCell.swift */,
				EB2DC7B128CD3FF9003D1008 /* MovieDetailsViewController.swift */,
				EBE9302E28D166B100BEDACC /* MovieGridViewController.swift */,
				EBE9303028D16CE400BEDACC /* MovieGridCell.swift */,
			);
			path = Flix;
			sourceTree = "<group>";
		};
		EBABCACC28C0EE6900E873C5 /* FlixTests */ = {
			isa = PBXGroup;
			children = (
				EBABCACD28C0EE6900E873C5 /* FlixTests.swift */,
			);
			path = FlixTests;
			sourceTree = "<group>";
		};
		EBABCAD628C0EE6900E873C5 /* FlixUITests */ = {
			isa = PBXGroup;
			children = (
				EBABCAD728C0EE6900E873C5 /* FlixUITests.swift */,
				EBABCAD928C0EE6900E873C5 /* FlixUITestsLaunchTests.swift */,
			);
			path = FlixUITests;
			sourceTree = "<group>";
		};
/* End PBXGroup section */

/* Begin PBXNativeTarget section */
		EBABCAB228C0EE6500E873C5 /* Flix */ = {
			isa = PBXNativeTarget;
			buildConfigurationList = EBABCADD28C0EE6900E873C5 /* Build configuration list for PBXNativeTarget "Flix" */;
			buildPhases = (
				F7D5C92D3FA02A25ECFA0DF8 /* [CP] Check Pods Manifest.lock */,
				EBABCAAF28C0EE6500E873C5 /* Sources */,
				EBABCAB028C0EE6500E873C5 /* Frameworks */,
				EBABCAB128C0EE6500E873C5 /* Resources */,
				ACB445ECC2D6423A554BA605 /* [CP] Embed Pods Frameworks */,
			);
			buildRules = (
			);
			dependencies = (
			);
			name = Flix;
			packageProductDependencies = (
				EBABCAE928C130DE00E873C5 /* AlamofireImage */,
			);
			productName = Flix;
			productReference = EBABCAB328C0EE6500E873C5 /* Flix.app */;
			productType = "com.apple.product-type.application";
		};
		EBABCAC828C0EE6900E873C5 /* FlixTests */ = {
			isa = PBXNativeTarget;
			buildConfigurationList = EBABCAE028C0EE6900E873C5 /* Build configuration list for PBXNativeTarget "FlixTests" */;
			buildPhases = (
				85C6AC1DEE9FF5AE48E7C66E /* [CP] Check Pods Manifest.lock */,
				EBABCAC528C0EE6900E873C5 /* Sources */,
				EBABCAC628C0EE6900E873C5 /* Frameworks */,
				EBABCAC728C0EE6900E873C5 /* Resources */,
			);
			buildRules = (
			);
			dependencies = (
				EBABCACB28C0EE6900E873C5 /* PBXTargetDependency */,
			);
			name = FlixTests;
			productName = FlixTests;
			productReference = EBABCAC928C0EE6900E873C5 /* FlixTests.xctest */;
			productType = "com.apple.product-type.bundle.unit-test";
		};
		EBABCAD228C0EE6900E873C5 /* FlixUITests */ = {
			isa = PBXNativeTarget;
			buildConfigurationList = EBABCAE328C0EE6900E873C5 /* Build configuration list for PBXNativeTarget "FlixUITests" */;
			buildPhases = (
				AC38230ACC0E77D0AB96DFCD /* [CP] Check Pods Manifest.lock */,
				EBABCACF28C0EE6900E873C5 /* Sources */,
				EBABCAD028C0EE6900E873C5 /* Frameworks */,
				EBABCAD128C0EE6900E873C5 /* Resources */,
				3EFABC2BF9A10F531C39FCE2 /* [CP] Embed Pods Frameworks */,
			);
			buildRules = (
			);
			dependencies = (
				EBABCAD528C0EE6900E873C5 /* PBXTargetDependency */,
			);
			name = FlixUITests;
			productName = FlixUITests;
			productReference = EBABCAD328C0EE6900E873C5 /* FlixUITests.xctest */;
			productType = "com.apple.product-type.bundle.ui-testing";
		};
/* End PBXNativeTarget section */

/* Begin PBXProject section */
		EBABCAAB28C0EE6500E873C5 /* Project object */ = {
			isa = PBXProject;
			attributes = {
				BuildIndependentTargetsInParallel = 1;
				LastSwiftUpdateCheck = 1340;
				LastUpgradeCheck = 1340;
				TargetAttributes = {
					EBABCAB228C0EE6500E873C5 = {
						CreatedOnToolsVersion = 13.4.1;
					};
					EBABCAC828C0EE6900E873C5 = {
						CreatedOnToolsVersion = 13.4.1;
						TestTargetID = EBABCAB228C0EE6500E873C5;
					};
					EBABCAD228C0EE6900E873C5 = {
						CreatedOnToolsVersion = 13.4.1;
						TestTargetID = EBABCAB228C0EE6500E873C5;
					};
				};
			};
			buildConfigurationList = EBABCAAE28C0EE6500E873C5 /* Build configuration list for PBXProject "Flix" */;
			compatibilityVersion = "Xcode 13.0";
			developmentRegion = en;
			hasScannedForEncodings = 0;
			knownRegions = (
				en,
				Base,
			);
			mainGroup = EBABCAAA28C0EE6500E873C5;
			packageReferences = (
				EBABCAE828C130DE00E873C5 /* XCRemoteSwiftPackageReference "AlamofireImage" */,
			);
			productRefGroup = EBABCAB428C0EE6500E873C5 /* Products */;
			projectDirPath = "";
			projectRoot = "";
			targets = (
				EBABCAB228C0EE6500E873C5 /* Flix */,
				EBABCAC828C0EE6900E873C5 /* FlixTests */,
				EBABCAD228C0EE6900E873C5 /* FlixUITests */,
			);
		};
/* End PBXProject section */

/* Begin PBXResourcesBuildPhase section */
		EBABCAB128C0EE6500E873C5 /* Resources */ = {
			isa = PBXResourcesBuildPhase;
			buildActionMask = 2147483647;
			files = (
				EBABCAC328C0EE6900E873C5 /* LaunchScreen.storyboard in Resources */,
				EBABCAC028C0EE6900E873C5 /* Assets.xcassets in Resources */,
				EBABCABE28C0EE6500E873C5 /* Main.storyboard in Resources */,
			);
			runOnlyForDeploymentPostprocessing = 0;
		};
		EBABCAC728C0EE6900E873C5 /* Resources */ = {
			isa = PBXResourcesBuildPhase;
			buildActionMask = 2147483647;
			files = (
			);
			runOnlyForDeploymentPostprocessing = 0;
		};
		EBABCAD128C0EE6900E873C5 /* Resources */ = {
			isa = PBXResourcesBuildPhase;
			buildActionMask = 2147483647;
			files = (
			);
			runOnlyForDeploymentPostprocessing = 0;
		};
/* End PBXResourcesBuildPhase section */

/* Begin PBXShellScriptBuildPhase section */
		3EFABC2BF9A10F531C39FCE2 /* [CP] Embed Pods Frameworks */ = {
			isa = PBXShellScriptBuildPhase;
			buildActionMask = 2147483647;
			files = (
			);
			inputFileListPaths = (
				"${PODS_ROOT}/Target Support Files/Pods-Flix-FlixUITests/Pods-Flix-FlixUITests-frameworks-${CONFIGURATION}-input-files.xcfilelist",
			);
			name = "[CP] Embed Pods Frameworks";
			outputFileListPaths = (
				"${PODS_ROOT}/Target Support Files/Pods-Flix-FlixUITests/Pods-Flix-FlixUITests-frameworks-${CONFIGURATION}-output-files.xcfilelist",
			);
			runOnlyForDeploymentPostprocessing = 0;
			shellPath = /bin/sh;
			shellScript = "\"${PODS_ROOT}/Target Support Files/Pods-Flix-FlixUITests/Pods-Flix-FlixUITests-frameworks.sh\"\n";
			showEnvVarsInLog = 0;
		};
		85C6AC1DEE9FF5AE48E7C66E /* [CP] Check Pods Manifest.lock */ = {
			isa = PBXShellScriptBuildPhase;
			buildActionMask = 2147483647;
			files = (
			);
			inputFileListPaths = (
			);
			inputPaths = (
				"${PODS_PODFILE_DIR_PATH}/Podfile.lock",
				"${PODS_ROOT}/Manifest.lock",
			);
			name = "[CP] Check Pods Manifest.lock";
			outputFileListPaths = (
			);
			outputPaths = (
				"$(DERIVED_FILE_DIR)/Pods-FlixTests-checkManifestLockResult.txt",
			);
			runOnlyForDeploymentPostprocessing = 0;
			shellPath = /bin/sh;
			shellScript = "diff \"${PODS_PODFILE_DIR_PATH}/Podfile.lock\" \"${PODS_ROOT}/Manifest.lock\" > /dev/null\nif [ $? != 0 ] ; then\n    # print error to STDERR\n    echo \"error: The sandbox is not in sync with the Podfile.lock. Run 'pod install' or update your CocoaPods installation.\" >&2\n    exit 1\nfi\n# This output is used by Xcode 'outputs' to avoid re-running this script phase.\necho \"SUCCESS\" > \"${SCRIPT_OUTPUT_FILE_0}\"\n";
			showEnvVarsInLog = 0;
		};
		AC38230ACC0E77D0AB96DFCD /* [CP] Check Pods Manifest.lock */ = {
			isa = PBXShellScriptBuildPhase;
			buildActionMask = 2147483647;
			files = (
			);
			inputFileListPaths = (
			);
			inputPaths = (
				"${PODS_PODFILE_DIR_PATH}/Podfile.lock",
				"${PODS_ROOT}/Manifest.lock",
			);
			name = "[CP] Check Pods Manifest.lock";
			outputFileListPaths = (
			);
			outputPaths = (
				"$(DERIVED_FILE_DIR)/Pods-Flix-FlixUITests-checkManifestLockResult.txt",
			);
			runOnlyForDeploymentPostprocessing = 0;
			shellPath = /bin/sh;
			shellScript = "diff \"${PODS_PODFILE_DIR_PATH}/Podfile.lock\" \"${PODS_ROOT}/Manifest.lock\" > /dev/null\nif [ $? != 0 ] ; then\n    # print error to STDERR\n    echo \"error: The sandbox is not in sync with the Podfile.lock. Run 'pod install' or update your CocoaPods installation.\" >&2\n    exit 1\nfi\n# This output is used by Xcode 'outputs' to avoid re-running this script phase.\necho \"SUCCESS\" > \"${SCRIPT_OUTPUT_FILE_0}\"\n";
			showEnvVarsInLog = 0;
		};
		ACB445ECC2D6423A554BA605 /* [CP] Embed Pods Frameworks */ = {
			isa = PBXShellScriptBuildPhase;
			buildActionMask = 2147483647;
			files = (
			);
			inputFileListPaths = (
				"${PODS_ROOT}/Target Support Files/Pods-Flix/Pods-Flix-frameworks-${CONFIGURATION}-input-files.xcfilelist",
			);
			name = "[CP] Embed Pods Frameworks";
			outputFileListPaths = (
				"${PODS_ROOT}/Target Support Files/Pods-Flix/Pods-Flix-frameworks-${CONFIGURATION}-output-files.xcfilelist",
			);
			runOnlyForDeploymentPostprocessing = 0;
			shellPath = /bin/sh;
			shellScript = "\"${PODS_ROOT}/Target Support Files/Pods-Flix/Pods-Flix-frameworks.sh\"\n";
			showEnvVarsInLog = 0;
		};
		F7D5C92D3FA02A25ECFA0DF8 /* [CP] Check Pods Manifest.lock */ = {
			isa = PBXShellScriptBuildPhase;
			buildActionMask = 2147483647;
			files = (
			);
			inputFileListPaths = (
			);
			inputPaths = (
				"${PODS_PODFILE_DIR_PATH}/Podfile.lock",
				"${PODS_ROOT}/Manifest.lock",
			);
			name = "[CP] Check Pods Manifest.lock";
			outputFileListPaths = (
			);
			outputPaths = (
				"$(DERIVED_FILE_DIR)/Pods-Flix-checkManifestLockResult.txt",
			);
			runOnlyForDeploymentPostprocessing = 0;
			shellPath = /bin/sh;
			shellScript = "diff \"${PODS_PODFILE_DIR_PATH}/Podfile.lock\" \"${PODS_ROOT}/Manifest.lock\" > /dev/null\nif [ $? != 0 ] ; then\n    # print error to STDERR\n    echo \"error: The sandbox is not in sync with the Podfile.lock. Run 'pod install' or update your CocoaPods installation.\" >&2\n    exit 1\nfi\n# This output is used by Xcode 'outputs' to avoid re-running this script phase.\necho \"SUCCESS\" > \"${SCRIPT_OUTPUT_FILE_0}\"\n";
			showEnvVarsInLog = 0;
		};
/* End PBXShellScriptBuildPhase section */

/* Begin PBXSourcesBuildPhase section */
		EBABCAAF28C0EE6500E873C5 /* Sources */ = {
			isa = PBXSourcesBuildPhase;
			buildActionMask = 2147483647;
			files = (
				EB2DC7B228CD3FF9003D1008 /* MovieDetailsViewController.swift in Sources */,
				EBABCABB28C0EE6500E873C5 /* MoviesViewController.swift in Sources */,
				EBABCAB728C0EE6500E873C5 /* AppDelegate.swift in Sources */,
				EBABCAE728C1261800E873C5 /* MovieCell.swift in Sources */,
				EBABCAB928C0EE6500E873C5 /* SceneDelegate.swift in Sources */,
				EBE9302F28D166B100BEDACC /* MovieGridViewController.swift in Sources */,
				EBE9303128D16CE400BEDACC /* MovieGridCell.swift in Sources */,
			);
			runOnlyForDeploymentPostprocessing = 0;
		};
		EBABCAC528C0EE6900E873C5 /* Sources */ = {
			isa = PBXSourcesBuildPhase;
			buildActionMask = 2147483647;
			files = (
				EBABCACE28C0EE6900E873C5 /* FlixTests.swift in Sources */,
			);
			runOnlyForDeploymentPostprocessing = 0;
		};
		EBABCACF28C0EE6900E873C5 /* Sources */ = {
			isa = PBXSourcesBuildPhase;
			buildActionMask = 2147483647;
			files = (
				EBABCAD828C0EE6900E873C5 /* FlixUITests.swift in Sources */,
				EBABCADA28C0EE6900E873C5 /* FlixUITestsLaunchTests.swift in Sources */,
			);
			runOnlyForDeploymentPostprocessing = 0;
		};
/* End PBXSourcesBuildPhase section */

/* Begin PBXTargetDependency section */
		EBABCACB28C0EE6900E873C5 /* PBXTargetDependency */ = {
			isa = PBXTargetDependency;
			target = EBABCAB228C0EE6500E873C5 /* Flix */;
			targetProxy = EBABCACA28C0EE6900E873C5 /* PBXContainerItemProxy */;
		};
		EBABCAD528C0EE6900E873C5 /* PBXTargetDependency */ = {
			isa = PBXTargetDependency;
			target = EBABCAB228C0EE6500E873C5 /* Flix */;
			targetProxy = EBABCAD428C0EE6900E873C5 /* PBXContainerItemProxy */;
		};
/* End PBXTargetDependency section */

/* Begin PBXVariantGroup section */
		EBABCABC28C0EE6500E873C5 /* Main.storyboard */ = {
			isa = PBXVariantGroup;
			children = (
				EBABCABD28C0EE6500E873C5 /* Base */,
			);
			name = Main.storyboard;
			sourceTree = "<group>";
		};
		EBABCAC128C0EE6900E873C5 /* LaunchScreen.storyboard */ = {
			isa = PBXVariantGroup;
			children = (
				EBABCAC228C0EE6900E873C5 /* Base */,
			);
			name = LaunchScreen.storyboard;
			sourceTree = "<group>";
		};
/* End PBXVariantGroup section */

/* Begin XCBuildConfiguration section */
		EBABCADB28C0EE6900E873C5 /* Debug */ = {
			isa = XCBuildConfiguration;
			buildSettings = {
				ALWAYS_SEARCH_USER_PATHS = NO;
				CLANG_ANALYZER_NONNULL = YES;
				CLANG_ANALYZER_NUMBER_OBJECT_CONVERSION = YES_AGGRESSIVE;
				CLANG_CXX_LANGUAGE_STANDARD = "gnu++17";
				CLANG_ENABLE_MODULES = YES;
				CLANG_ENABLE_OBJC_ARC = YES;
				CLANG_ENABLE_OBJC_WEAK = YES;
				CLANG_WARN_BLOCK_CAPTURE_AUTORELEASING = YES;
				CLANG_WARN_BOOL_CONVERSION = YES;
				CLANG_WARN_COMMA = YES;
				CLANG_WARN_CONSTANT_CONVERSION = YES;
				CLANG_WARN_DEPRECATED_OBJC_IMPLEMENTATIONS = YES;
				CLANG_WARN_DIRECT_OBJC_ISA_USAGE = YES_ERROR;
				CLANG_WARN_DOCUMENTATION_COMMENTS = YES;
				CLANG_WARN_EMPTY_BODY = YES;
				CLANG_WARN_ENUM_CONVERSION = YES;
				CLANG_WARN_INFINITE_RECURSION = YES;
				CLANG_WARN_INT_CONVERSION = YES;
				CLANG_WARN_NON_LITERAL_NULL_CONVERSION = YES;
				CLANG_WARN_OBJC_IMPLICIT_RETAIN_SELF = YES;
				CLANG_WARN_OBJC_LITERAL_CONVERSION = YES;
				CLANG_WARN_OBJC_ROOT_CLASS = YES_ERROR;
				CLANG_WARN_QUOTED_INCLUDE_IN_FRAMEWORK_HEADER = YES;
				CLANG_WARN_RANGE_LOOP_ANALYSIS = YES;
				CLANG_WARN_STRICT_PROTOTYPES = YES;
				CLANG_WARN_SUSPICIOUS_MOVE = YES;
				CLANG_WARN_UNGUARDED_AVAILABILITY = YES_AGGRESSIVE;
				CLANG_WARN_UNREACHABLE_CODE = YES;
				CLANG_WARN__DUPLICATE_METHOD_MATCH = YES;
				COPY_PHASE_STRIP = NO;
				DEBUG_INFORMATION_FORMAT = dwarf;
				ENABLE_STRICT_OBJC_MSGSEND = YES;
				ENABLE_TESTABILITY = YES;
				GCC_C_LANGUAGE_STANDARD = gnu11;
				GCC_DYNAMIC_NO_PIC = NO;
				GCC_NO_COMMON_BLOCKS = YES;
				GCC_OPTIMIZATION_LEVEL = 0;
				GCC_PREPROCESSOR_DEFINITIONS = (
					"DEBUG=1",
					"$(inherited)",
				);
				GCC_WARN_64_TO_32_BIT_CONVERSION = YES;
				GCC_WARN_ABOUT_RETURN_TYPE = YES_ERROR;
				GCC_WARN_UNDECLARED_SELECTOR = YES;
				GCC_WARN_UNINITIALIZED_AUTOS = YES_AGGRESSIVE;
				GCC_WARN_UNUSED_FUNCTION = YES;
				GCC_WARN_UNUSED_VARIABLE = YES;
				IPHONEOS_DEPLOYMENT_TARGET = 15.5;
				MTL_ENABLE_DEBUG_INFO = INCLUDE_SOURCE;
				MTL_FAST_MATH = YES;
				ONLY_ACTIVE_ARCH = YES;
				SDKROOT = iphoneos;
				SWIFT_ACTIVE_COMPILATION_CONDITIONS = DEBUG;
				SWIFT_OPTIMIZATION_LEVEL = "-Onone";
			};
			name = Debug;
		};
		EBABCADC28C0EE6900E873C5 /* Release */ = {
			isa = XCBuildConfiguration;
			buildSettings = {
				ALWAYS_SEARCH_USER_PATHS = NO;
				CLANG_ANALYZER_NONNULL = YES;
				CLANG_ANALYZER_NUMBER_OBJECT_CONVERSION = YES_AGGRESSIVE;
				CLANG_CXX_LANGUAGE_STANDARD = "gnu++17";
				CLANG_ENABLE_MODULES = YES;
				CLANG_ENABLE_OBJC_ARC = YES;
				CLANG_ENABLE_OBJC_WEAK = YES;
				CLANG_WARN_BLOCK_CAPTURE_AUTORELEASING = YES;
				CLANG_WARN_BOOL_CONVERSION = YES;
				CLANG_WARN_COMMA = YES;
				CLANG_WARN_CONSTANT_CONVERSION = YES;
				CLANG_WARN_DEPRECATED_OBJC_IMPLEMENTATIONS = YES;
				CLANG_WARN_DIRECT_OBJC_ISA_USAGE = YES_ERROR;
				CLANG_WARN_DOCUMENTATION_COMMENTS = YES;
				CLANG_WARN_EMPTY_BODY = YES;
				CLANG_WARN_ENUM_CONVERSION = YES;
				CLANG_WARN_INFINITE_RECURSION = YES;
				CLANG_WARN_INT_CONVERSION = YES;
				CLANG_WARN_NON_LITERAL_NULL_CONVERSION = YES;
				CLANG_WARN_OBJC_IMPLICIT_RETAIN_SELF = YES;
				CLANG_WARN_OBJC_LITERAL_CONVERSION = YES;
				CLANG_WARN_OBJC_ROOT_CLASS = YES_ERROR;
				CLANG_WARN_QUOTED_INCLUDE_IN_FRAMEWORK_HEADER = YES;
				CLANG_WARN_RANGE_LOOP_ANALYSIS = YES;
				CLANG_WARN_STRICT_PROTOTYPES = YES;
				CLANG_WARN_SUSPICIOUS_MOVE = YES;
				CLANG_WARN_UNGUARDED_AVAILABILITY = YES_AGGRESSIVE;
				CLANG_WARN_UNREACHABLE_CODE = YES;
				CLANG_WARN__DUPLICATE_METHOD_MATCH = YES;
				COPY_PHASE_STRIP = NO;
				DEBUG_INFORMATION_FORMAT = "dwarf-with-dsym";
				ENABLE_NS_ASSERTIONS = NO;
				ENABLE_STRICT_OBJC_MSGSEND = YES;
				GCC_C_LANGUAGE_STANDARD = gnu11;
				GCC_NO_COMMON_BLOCKS = YES;
				GCC_WARN_64_TO_32_BIT_CONVERSION = YES;
				GCC_WARN_ABOUT_RETURN_TYPE = YES_ERROR;
				GCC_WARN_UNDECLARED_SELECTOR = YES;
				GCC_WARN_UNINITIALIZED_AUTOS = YES_AGGRESSIVE;
				GCC_WARN_UNUSED_FUNCTION = YES;
				GCC_WARN_UNUSED_VARIABLE = YES;
				IPHONEOS_DEPLOYMENT_TARGET = 15.5;
				MTL_ENABLE_DEBUG_INFO = NO;
				MTL_FAST_MATH = YES;
				SDKROOT = iphoneos;
				SWIFT_COMPILATION_MODE = wholemodule;
				SWIFT_OPTIMIZATION_LEVEL = "-O";
				VALIDATE_PRODUCT = YES;
			};
			name = Release;
		};
		EBABCADE28C0EE6900E873C5 /* Debug */ = {
			isa = XCBuildConfiguration;
			baseConfigurationReference = 540DEE0410A6770D3F52D0D5 /* Pods-Flix.debug.xcconfig */;
			buildSettings = {
				ASSETCATALOG_COMPILER_APPICON_NAME = AppIcon;
				ASSETCATALOG_COMPILER_GLOBAL_ACCENT_COLOR_NAME = AccentColor;
				CODE_SIGN_STYLE = Automatic;
				CURRENT_PROJECT_VERSION = 1;
				DEVELOPMENT_TEAM = 68CA9GHQT8;
				GENERATE_INFOPLIST_FILE = YES;
				INFOPLIST_FILE = Flix/Info.plist;
				INFOPLIST_KEY_UIApplicationSupportsIndirectInputEvents = YES;
				INFOPLIST_KEY_UILaunchStoryboardName = LaunchScreen;
				INFOPLIST_KEY_UIMainStoryboardFile = Main;
				INFOPLIST_KEY_UISupportedInterfaceOrientations_iPad = "UIInterfaceOrientationPortrait UIInterfaceOrientationPortraitUpsideDown UIInterfaceOrientationLandscapeLeft UIInterfaceOrientationLandscapeRight";
				INFOPLIST_KEY_UISupportedInterfaceOrientations_iPhone = "UIInterfaceOrientationPortrait UIInterfaceOrientationLandscapeLeft UIInterfaceOrientationLandscapeRight";
				LD_RUNPATH_SEARCH_PATHS = (
					"$(inherited)",
					"@executable_path/Frameworks",
				);
				MARKETING_VERSION = 1.0;
				PRODUCT_BUNDLE_IDENTIFIER = com.codepathproj.Flix;
				PRODUCT_NAME = "$(TARGET_NAME)";
				SWIFT_EMIT_LOC_STRINGS = YES;
				SWIFT_VERSION = 5.0;
				TARGETED_DEVICE_FAMILY = "1,2";
			};
			name = Debug;
		};
		EBABCADF28C0EE6900E873C5 /* Release */ = {
			isa = XCBuildConfiguration;
			baseConfigurationReference = 18EE442A760186EAD6AD38AD /* Pods-Flix.release.xcconfig */;
			buildSettings = {
				ASSETCATALOG_COMPILER_APPICON_NAME = AppIcon;
				ASSETCATALOG_COMPILER_GLOBAL_ACCENT_COLOR_NAME = AccentColor;
				CODE_SIGN_STYLE = Automatic;
				CURRENT_PROJECT_VERSION = 1;
				DEVELOPMENT_TEAM = 68CA9GHQT8;
				GENERATE_INFOPLIST_FILE = YES;
				INFOPLIST_FILE = Flix/Info.plist;
				INFOPLIST_KEY_UIApplicationSupportsIndirectInputEvents = YES;
				INFOPLIST_KEY_UILaunchStoryboardName = LaunchScreen;
				INFOPLIST_KEY_UIMainStoryboardFile = Main;
				INFOPLIST_KEY_UISupportedInterfaceOrientations_iPad = "UIInterfaceOrientationPortrait UIInterfaceOrientationPortraitUpsideDown UIInterfaceOrientationLandscapeLeft UIInterfaceOrientationLandscapeRight";
				INFOPLIST_KEY_UISupportedInterfaceOrientations_iPhone = "UIInterfaceOrientationPortrait UIInterfaceOrientationLandscapeLeft UIInterfaceOrientationLandscapeRight";
				LD_RUNPATH_SEARCH_PATHS = (
					"$(inherited)",
					"@executable_path/Frameworks",
				);
				MARKETING_VERSION = 1.0;
				PRODUCT_BUNDLE_IDENTIFIER = com.codepathproj.Flix;
				PRODUCT_NAME = "$(TARGET_NAME)";
				SWIFT_EMIT_LOC_STRINGS = YES;
				SWIFT_VERSION = 5.0;
				TARGETED_DEVICE_FAMILY = "1,2";
			};
			name = Release;
		};
		EBABCAE128C0EE6900E873C5 /* Debug */ = {
			isa = XCBuildConfiguration;
			baseConfigurationReference = 5B6AF97F5A29DAB14BF407A6 /* Pods-FlixTests.debug.xcconfig */;
			buildSettings = {
				ALWAYS_EMBED_SWIFT_STANDARD_LIBRARIES = YES;
				BUNDLE_LOADER = "$(TEST_HOST)";
				CODE_SIGN_STYLE = Automatic;
				CURRENT_PROJECT_VERSION = 1;
				DEVELOPMENT_TEAM = 68CA9GHQT8;
				GENERATE_INFOPLIST_FILE = YES;
				IPHONEOS_DEPLOYMENT_TARGET = 15.5;
				MARKETING_VERSION = 1.0;
				PRODUCT_BUNDLE_IDENTIFIER = com.codepath.FlixTests;
				PRODUCT_NAME = "$(TARGET_NAME)";
				SWIFT_EMIT_LOC_STRINGS = NO;
				SWIFT_VERSION = 5.0;
				TARGETED_DEVICE_FAMILY = "1,2";
				TEST_HOST = "$(BUILT_PRODUCTS_DIR)/Flix.app/Flix";
			};
			name = Debug;
		};
		EBABCAE228C0EE6900E873C5 /* Release */ = {
			isa = XCBuildConfiguration;
			baseConfigurationReference = ECD231C41AEA6B38A89D2DB6 /* Pods-FlixTests.release.xcconfig */;
			buildSettings = {
				ALWAYS_EMBED_SWIFT_STANDARD_LIBRARIES = YES;
				BUNDLE_LOADER = "$(TEST_HOST)";
				CODE_SIGN_STYLE = Automatic;
				CURRENT_PROJECT_VERSION = 1;
				DEVELOPMENT_TEAM = 68CA9GHQT8;
				GENERATE_INFOPLIST_FILE = YES;
				IPHONEOS_DEPLOYMENT_TARGET = 15.5;
				MARKETING_VERSION = 1.0;
				PRODUCT_BUNDLE_IDENTIFIER = com.codepath.FlixTests;
				PRODUCT_NAME = "$(TARGET_NAME)";
				SWIFT_EMIT_LOC_STRINGS = NO;
				SWIFT_VERSION = 5.0;
				TARGETED_DEVICE_FAMILY = "1,2";
				TEST_HOST = "$(BUILT_PRODUCTS_DIR)/Flix.app/Flix";
			};
			name = Release;
		};
		EBABCAE428C0EE6900E873C5 /* Debug */ = {
			isa = XCBuildConfiguration;
			baseConfigurationReference = A8267053C95E1B176035F0C2 /* Pods-Flix-FlixUITests.debug.xcconfig */;
			buildSettings = {
				ALWAYS_EMBED_SWIFT_STANDARD_LIBRARIES = YES;
				CODE_SIGN_STYLE = Automatic;
				CURRENT_PROJECT_VERSION = 1;
				DEVELOPMENT_TEAM = 68CA9GHQT8;
				GENERATE_INFOPLIST_FILE = YES;
				MARKETING_VERSION = 1.0;
				PRODUCT_BUNDLE_IDENTIFIER = com.codepath.FlixUITests;
				PRODUCT_NAME = "$(TARGET_NAME)";
				SWIFT_EMIT_LOC_STRINGS = NO;
				SWIFT_VERSION = 5.0;
				TARGETED_DEVICE_FAMILY = "1,2";
				TEST_TARGET_NAME = Flix;
			};
			name = Debug;
		};
		EBABCAE528C0EE6900E873C5 /* Release */ = {
			isa = XCBuildConfiguration;
			baseConfigurationReference = DF8B870F85107A587B6D0180 /* Pods-Flix-FlixUITests.release.xcconfig */;
			buildSettings = {
				ALWAYS_EMBED_SWIFT_STANDARD_LIBRARIES = YES;
				CODE_SIGN_STYLE = Automatic;
				CURRENT_PROJECT_VERSION = 1;
				DEVELOPMENT_TEAM = 68CA9GHQT8;
				GENERATE_INFOPLIST_FILE = YES;
				MARKETING_VERSION = 1.0;
				PRODUCT_BUNDLE_IDENTIFIER = com.codepath.FlixUITests;
				PRODUCT_NAME = "$(TARGET_NAME)";
				SWIFT_EMIT_LOC_STRINGS = NO;
				SWIFT_VERSION = 5.0;
				TARGETED_DEVICE_FAMILY = "1,2";
				TEST_TARGET_NAME = Flix;
			};
			name = Release;
		};
/* End XCBuildConfiguration section */

/* Begin XCConfigurationList section */
		EBABCAAE28C0EE6500E873C5 /* Build configuration list for PBXProject "Flix" */ = {
			isa = XCConfigurationList;
			buildConfigurations = (
				EBABCADB28C0EE6900E873C5 /* Debug */,
				EBABCADC28C0EE6900E873C5 /* Release */,
			);
			defaultConfigurationIsVisible = 0;
			defaultConfigurationName = Release;
		};
		EBABCADD28C0EE6900E873C5 /* Build configuration list for PBXNativeTarget "Flix" */ = {
			isa = XCConfigurationList;
			buildConfigurations = (
				EBABCADE28C0EE6900E873C5 /* Debug */,
				EBABCADF28C0EE6900E873C5 /* Release */,
			);
			defaultConfigurationIsVisible = 0;
			defaultConfigurationName = Release;
		};
		EBABCAE028C0EE6900E873C5 /* Build configuration list for PBXNativeTarget "FlixTests" */ = {
			isa = XCConfigurationList;
			buildConfigurations = (
				EBABCAE128C0EE6900E873C5 /* Debug */,
				EBABCAE228C0EE6900E873C5 /* Release */,
			);
			defaultConfigurationIsVisible = 0;
			defaultConfigurationName = Release;
		};
		EBABCAE328C0EE6900E873C5 /* Build configuration list for PBXNativeTarget "FlixUITests" */ = {
			isa = XCConfigurationList;
			buildConfigurations = (
				EBABCAE428C0EE6900E873C5 /* Debug */,
				EBABCAE528C0EE6900E873C5 /* Release */,
			);
			defaultConfigurationIsVisible = 0;
			defaultConfigurationName = Release;
		};
/* End XCConfigurationList section */

/* Begin XCRemoteSwiftPackageReference section */
		EBABCAE828C130DE00E873C5 /* XCRemoteSwiftPackageReference "AlamofireImage" */ = {
			isa = XCRemoteSwiftPackageReference;
			repositoryURL = "https://github.com/Alamofire/AlamofireImage";
			requirement = {
				kind = upToNextMajorVersion;
				minimumVersion = 4.0.0;
			};
		};
/* End XCRemoteSwiftPackageReference section */

/* Begin XCSwiftPackageProductDependency section */
		EBABCAE928C130DE00E873C5 /* AlamofireImage */ = {
			isa = XCSwiftPackageProductDependency;
			package = EBABCAE828C130DE00E873C5 /* XCRemoteSwiftPackageReference "AlamofireImage" */;
			productName = AlamofireImage;
		};
/* End XCSwiftPackageProductDependency section */
	};
	rootObject = EBABCAAB28C0EE6500E873C5 /* Project object */;
}
